
Microsoft Visual Studio Solution File, Format Version 12.00
# Visual Studio Version 16
VisualStudioVersion = 16.0.31129.286
MinimumVisualStudioVersion = 10.0.40219.1
Project("{FAE04EC0-301F-11D3-BF4B-00C04F79EFBC}") = "IVTSimulator", "IVTSimulator.csproj", "{B636B29E-029F-4A4A-9B49-7056E15835FE}"
EndProject
Global
	GlobalSection(SolutionConfigurationPlatforms) = preSolution
		Debug|Any CPU = Debug|Any CPU
		Release|Any CPU = Release|Any CPU
	EndGlobalSection
	GlobalSection(ProjectConfigurationPlatforms) = postSolution
		{B636B29E-029F-4A4A-9B49-7056E15835FE}.Debug|Any CPU.ActiveCfg = Debug|Any CPU
		{B636B29E-029F-4A4A-9B49-7056E15835FE}.Debug|Any CPU.Build.0 = Debug|Any CPU
		{B636B29E-029F-4A4A-9B49-7056E15835FE}.Release|Any CPU.ActiveCfg = Release|Any CPU
		{B636B29E-029F-4A4A-9B49-7056E15835FE}.Release|Any CPU.Build.0 = Release|Any CPU
	EndGlobalSection
	GlobalSection(SolutionProperties) = preSolution
		HideSolutionNode = FALSE
	EndGlobalSection
	GlobalSection(ExtensibilityGlobals) = postSolution
		SolutionGuid = {97268CCA-B9F7-4A77-86D9-35953FD989F9}
	EndGlobalSection
EndGlobal
